
Microsoft Visual Studio Solution File, Format Version 12.00
# Visual Studio Version 16
VisualStudioVersion = 16.0.31624.102
MinimumVisualStudioVersion = 10.0.40219.1
Project("{2150E333-8FDC-42A3-9474-1A3956D46DE8}") = "src", "src", "{C144D7AD-16C9-46B1-9FA7-95BC724BAD6E}"
EndProject
Project("{FAE04EC0-301F-11D3-BF4B-00C04F79EFBC}") = "messageprocessor.application", "src\messageprocessor.application\messageprocessor.application.csproj", "{1673C48C-F60A-43FA-845F-2E002C626F19}"
EndProject
Project("{FAE04EC0-301F-11D3-BF4B-00C04F79EFBC}") = "messageprocessor.domain", "src\messageprocessor.domain\messageprocessor.domain.csproj", "{DD46C8F6-3251-4FDA-876E-2421F733E9EB}"
EndProject
Project("{FAE04EC0-301F-11D3-BF4B-00C04F79EFBC}") = "messageprocessor.infrastructure", "src\messageprocessor.infrastructure\messageprocessor.infrastructure.csproj", "{6D7CB6D6-AD4C-4E2A-A61B-B39613A9FA3A}"
EndProject
Global
	GlobalSection(SolutionConfigurationPlatforms) = preSolution
		Debug|Any CPU = Debug|Any CPU
		Release|Any CPU = Release|Any CPU
	EndGlobalSection
	GlobalSection(ProjectConfigurationPlatforms) = postSolution
		{1673C48C-F60A-43FA-845F-2E002C626F19}.Debug|Any CPU.ActiveCfg = Debug|Any CPU
		{1673C48C-F60A-43FA-845F-2E002C626F19}.Debug|Any CPU.Build.0 = Debug|Any CPU
		{1673C48C-F60A-43FA-845F-2E002C626F19}.Release|Any CPU.ActiveCfg = Release|Any CPU
		{1673C48C-F60A-43FA-845F-2E002C626F19}.Release|Any CPU.Build.0 = Release|Any CPU
		{DD46C8F6-3251-4FDA-876E-2421F733E9EB}.Debug|Any CPU.ActiveCfg = Debug|Any CPU
		{DD46C8F6-3251-4FDA-876E-2421F733E9EB}.Debug|Any CPU.Build.0 = Debug|Any CPU
		{DD46C8F6-3251-4FDA-876E-2421F733E9EB}.Release|Any CPU.ActiveCfg = Release|Any CPU
		{DD46C8F6-3251-4FDA-876E-2421F733E9EB}.Release|Any CPU.Build.0 = Release|Any CPU
		{6D7CB6D6-AD4C-4E2A-A61B-B39613A9FA3A}.Debug|Any CPU.ActiveCfg = Debug|Any CPU
		{6D7CB6D6-AD4C-4E2A-A61B-B39613A9FA3A}.Debug|Any CPU.Build.0 = Debug|Any CPU
		{6D7CB6D6-AD4C-4E2A-A61B-B39613A9FA3A}.Release|Any CPU.ActiveCfg = Release|Any CPU
		{6D7CB6D6-AD4C-4E2A-A61B-B39613A9FA3A}.Release|Any CPU.Build.0 = Release|Any CPU
	EndGlobalSection
	GlobalSection(SolutionProperties) = preSolution
		HideSolutionNode = FALSE
	EndGlobalSection
	GlobalSection(NestedProjects) = preSolution
		{1673C48C-F60A-43FA-845F-2E002C626F19} = {C144D7AD-16C9-46B1-9FA7-95BC724BAD6E}
		{DD46C8F6-3251-4FDA-876E-2421F733E9EB} = {C144D7AD-16C9-46B1-9FA7-95BC724BAD6E}
		{6D7CB6D6-AD4C-4E2A-A61B-B39613A9FA3A} = {C144D7AD-16C9-46B1-9FA7-95BC724BAD6E}
	EndGlobalSection
	GlobalSection(ExtensibilityGlobals) = postSolution
		SolutionGuid = {26248D79-7480-41F8-8284-A4F76EDDE377}
	EndGlobalSection
EndGlobal
